
Microsoft Visual Studio Solution File, Format Version 12.00
Project("{FAE04EC0-301F-11D3-BF4B-00C04F79EFBC}") = "QuotesApp2", "QuotesApp2\QuotesApp2\QuotesApp2.csproj", "{015CB03F-9031-4E35-B43E-274D8D954FB0}"
EndProject
Project("{FAE04EC0-301F-11D3-BF4B-00C04F79EFBC}") = "QuotesApp2.Android", "QuotesApp2\QuotesApp2.Android\QuotesApp2.Android.csproj", "{D5BF2028-DB0B-4D6D-86DE-6C1A71466946}"
EndProject
Project("{FAE04EC0-301F-11D3-BF4B-00C04F79EFBC}") = "QuotesApp2.iOS", "QuotesApp2\QuotesApp2.iOS\QuotesApp2.iOS.csproj", "{AC5E6D9E-7456-4CB7-BFF0-DD287B58181C}"
EndProject
Project("{FAE04EC0-301F-11D3-BF4B-00C04F79EFBC}") = "QuotesApp2.Shared.Test", "QuotesApp2.Shared.Test\QuotesApp2.Shared.Test.csproj", "{06482C87-7F3D-453E-9827-1120A3E1FE29}"
EndProject
Project("{FAE04EC0-301F-11D3-BF4B-00C04F79EFBC}") = "QuotesApp2.Shared", "QuotesApp2.Shared\QuotesApp2.Shared.csproj", "{32E9C43E-EF29-436B-BF88-32E12413B6FA}"
EndProject
Global
	GlobalSection(SolutionConfigurationPlatforms) = preSolution
		Ad-Hoc|iPhone = Ad-Hoc|iPhone
		AppStore|iPhone = AppStore|iPhone
		Debug|Any CPU = Debug|Any CPU
		Debug|iPhone = Debug|iPhone
		Debug|iPhoneSimulator = Debug|iPhoneSimulator
		Release|Any CPU = Release|Any CPU
		Release|iPhone = Release|iPhone
		Release|iPhoneSimulator = Release|iPhoneSimulator
	EndGlobalSection
	GlobalSection(ProjectConfigurationPlatforms) = postSolution
		{015CB03F-9031-4E35-B43E-274D8D954FB0}.Ad-Hoc|iPhone.ActiveCfg = Debug|Any CPU
		{015CB03F-9031-4E35-B43E-274D8D954FB0}.Ad-Hoc|iPhone.Build.0 = Debug|Any CPU
		{015CB03F-9031-4E35-B43E-274D8D954FB0}.AppStore|iPhone.ActiveCfg = Debug|Any CPU
		{015CB03F-9031-4E35-B43E-274D8D954FB0}.AppStore|iPhone.Build.0 = Debug|Any CPU
		{015CB03F-9031-4E35-B43E-274D8D954FB0}.Debug|Any CPU.ActiveCfg = Debug|Any CPU
		{015CB03F-9031-4E35-B43E-274D8D954FB0}.Debug|Any CPU.Build.0 = Debug|Any CPU
		{015CB03F-9031-4E35-B43E-274D8D954FB0}.Debug|iPhone.ActiveCfg = Debug|Any CPU
		{015CB03F-9031-4E35-B43E-274D8D954FB0}.Debug|iPhone.Build.0 = Debug|Any CPU
		{015CB03F-9031-4E35-B43E-274D8D954FB0}.Debug|iPhoneSimulator.ActiveCfg = Debug|Any CPU
		{015CB03F-9031-4E35-B43E-274D8D954FB0}.Debug|iPhoneSimulator.Build.0 = Debug|Any CPU
		{015CB03F-9031-4E35-B43E-274D8D954FB0}.Release|Any CPU.ActiveCfg = Release|Any CPU
		{015CB03F-9031-4E35-B43E-274D8D954FB0}.Release|Any CPU.Build.0 = Release|Any CPU
		{015CB03F-9031-4E35-B43E-274D8D954FB0}.Release|iPhone.ActiveCfg = Release|Any CPU
		{015CB03F-9031-4E35-B43E-274D8D954FB0}.Release|iPhone.Build.0 = Release|Any CPU
		{015CB03F-9031-4E35-B43E-274D8D954FB0}.Release|iPhoneSimulator.ActiveCfg = Release|Any CPU
		{015CB03F-9031-4E35-B43E-274D8D954FB0}.Release|iPhoneSimulator.Build.0 = Release|Any CPU
		{D5BF2028-DB0B-4D6D-86DE-6C1A71466946}.Ad-Hoc|iPhone.ActiveCfg = Debug|Any CPU
		{D5BF2028-DB0B-4D6D-86DE-6C1A71466946}.Ad-Hoc|iPhone.Build.0 = Debug|Any CPU
		{D5BF2028-DB0B-4D6D-86DE-6C1A71466946}.Ad-Hoc|iPhone.Deploy.0 = Debug|Any CPU
		{D5BF2028-DB0B-4D6D-86DE-6C1A71466946}.AppStore|iPhone.ActiveCfg = Debug|Any CPU
		{D5BF2028-DB0B-4D6D-86DE-6C1A71466946}.AppStore|iPhone.Build.0 = Debug|Any CPU
		{D5BF2028-DB0B-4D6D-86DE-6C1A71466946}.AppStore|iPhone.Deploy.0 = Debug|Any CPU
		{D5BF2028-DB0B-4D6D-86DE-6C1A71466946}.Debug|Any CPU.ActiveCfg = Debug|Any CPU
		{D5BF2028-DB0B-4D6D-86DE-6C1A71466946}.Debug|Any CPU.Build.0 = Debug|Any CPU
		{D5BF2028-DB0B-4D6D-86DE-6C1A71466946}.Debug|Any CPU.Deploy.0 = Debug|Any CPU
		{D5BF2028-DB0B-4D6D-86DE-6C1A71466946}.Debug|iPhone.ActiveCfg = Debug|Any CPU
		{D5BF2028-DB0B-4D6D-86DE-6C1A71466946}.Debug|iPhone.Build.0 = Debug|Any CPU
		{D5BF2028-DB0B-4D6D-86DE-6C1A71466946}.Debug|iPhone.Deploy.0 = Debug|Any CPU
		{D5BF2028-DB0B-4D6D-86DE-6C1A71466946}.Debug|iPhoneSimulator.ActiveCfg = Debug|Any CPU
		{D5BF2028-DB0B-4D6D-86DE-6C1A71466946}.Debug|iPhoneSimulator.Build.0 = Debug|Any CPU
		{D5BF2028-DB0B-4D6D-86DE-6C1A71466946}.Debug|iPhoneSimulator.Deploy.0 = Debug|Any CPU
		{D5BF2028-DB0B-4D6D-86DE-6C1A71466946}.Release|Any CPU.ActiveCfg = Release|Any CPU
		{D5BF2028-DB0B-4D6D-86DE-6C1A71466946}.Release|Any CPU.Build.0 = Release|Any CPU
		{D5BF2028-DB0B-4D6D-86DE-6C1A71466946}.Release|Any CPU.Deploy.0 = Release|Any CPU
		{D5BF2028-DB0B-4D6D-86DE-6C1A71466946}.Release|iPhone.ActiveCfg = Release|Any CPU
		{D5BF2028-DB0B-4D6D-86DE-6C1A71466946}.Release|iPhone.Build.0 = Release|Any CPU
		{D5BF2028-DB0B-4D6D-86DE-6C1A71466946}.Release|iPhone.Deploy.0 = Release|Any CPU
		{D5BF2028-DB0B-4D6D-86DE-6C1A71466946}.Release|iPhoneSimulator.ActiveCfg = Release|Any CPU
		{D5BF2028-DB0B-4D6D-86DE-6C1A71466946}.Release|iPhoneSimulator.Build.0 = Release|Any CPU
		{D5BF2028-DB0B-4D6D-86DE-6C1A71466946}.Release|iPhoneSimulator.Deploy.0 = Release|Any CPU
		{AC5E6D9E-7456-4CB7-BFF0-DD287B58181C}.Ad-Hoc|iPhone.ActiveCfg = Ad-Hoc|iPhone
		{AC5E6D9E-7456-4CB7-BFF0-DD287B58181C}.Ad-Hoc|iPhone.Build.0 = Ad-Hoc|iPhone
		{AC5E6D9E-7456-4CB7-BFF0-DD287B58181C}.Ad-Hoc|iPhone.Deploy.0 = Ad-Hoc|iPhone
		{AC5E6D9E-7456-4CB7-BFF0-DD287B58181C}.AppStore|iPhone.ActiveCfg = AppStore|iPhone
		{AC5E6D9E-7456-4CB7-BFF0-DD287B58181C}.AppStore|iPhone.Build.0 = AppStore|iPhone
		{AC5E6D9E-7456-4CB7-BFF0-DD287B58181C}.AppStore|iPhone.Deploy.0 = AppStore|iPhone
		{AC5E6D9E-7456-4CB7-BFF0-DD287B58181C}.Debug|Any CPU.ActiveCfg = Debug|iPhoneSimulator
		{AC5E6D9E-7456-4CB7-BFF0-DD287B58181C}.Debug|Any CPU.Build.0 = Debug|iPhoneSimulator
		{AC5E6D9E-7456-4CB7-BFF0-DD287B58181C}.Debug|Any CPU.Deploy.0 = Debug|iPhoneSimulator
		{AC5E6D9E-7456-4CB7-BFF0-DD287B58181C}.Debug|iPhone.ActiveCfg = Debug|iPhone
		{AC5E6D9E-7456-4CB7-BFF0-DD287B58181C}.Debug|iPhone.Build.0 = Debug|iPhone
		{AC5E6D9E-7456-4CB7-BFF0-DD287B58181C}.Debug|iPhone.Deploy.0 = Debug|iPhone
		{AC5E6D9E-7456-4CB7-BFF0-DD287B58181C}.Debug|iPhoneSimulator.ActiveCfg = Debug|iPhoneSimulator
		{AC5E6D9E-7456-4CB7-BFF0-DD287B58181C}.Debug|iPhoneSimulator.Build.0 = Debug|iPhoneSimulator
		{AC5E6D9E-7456-4CB7-BFF0-DD287B58181C}.Debug|iPhoneSimulator.Deploy.0 = Debug|iPhoneSimulator
		{AC5E6D9E-7456-4CB7-BFF0-DD287B58181C}.Release|Any CPU.ActiveCfg = Release|iPhoneSimulator
		{AC5E6D9E-7456-4CB7-BFF0-DD287B58181C}.Release|Any CPU.Build.0 = Release|iPhoneSimulator
		{AC5E6D9E-7456-4CB7-BFF0-DD287B58181C}.Release|Any CPU.Deploy.0 = Release|iPhoneSimulator
		{AC5E6D9E-7456-4CB7-BFF0-DD287B58181C}.Release|iPhone.ActiveCfg = Release|iPhone
		{AC5E6D9E-7456-4CB7-BFF0-DD287B58181C}.Release|iPhone.Build.0 = Release|iPhone
		{AC5E6D9E-7456-4CB7-BFF0-DD287B58181C}.Release|iPhone.Deploy.0 = Release|iPhone
		{AC5E6D9E-7456-4CB7-BFF0-DD287B58181C}.Release|iPhoneSimulator.ActiveCfg = Release|iPhoneSimulator
		{AC5E6D9E-7456-4CB7-BFF0-DD287B58181C}.Release|iPhoneSimulator.Build.0 = Release|iPhoneSimulator
		{AC5E6D9E-7456-4CB7-BFF0-DD287B58181C}.Release|iPhoneSimulator.Deploy.0 = Release|iPhoneSimulator
		{06482C87-7F3D-453E-9827-1120A3E1FE29}.Ad-Hoc|iPhone.ActiveCfg = Debug|Any CPU
		{06482C87-7F3D-453E-9827-1120A3E1FE29}.Ad-Hoc|iPhone.Build.0 = Debug|Any CPU
		{06482C87-7F3D-453E-9827-1120A3E1FE29}.AppStore|iPhone.ActiveCfg = Debug|Any CPU
		{06482C87-7F3D-453E-9827-1120A3E1FE29}.AppStore|iPhone.Build.0 = Debug|Any CPU
		{06482C87-7F3D-453E-9827-1120A3E1FE29}.Debug|Any CPU.ActiveCfg = Debug|Any CPU
		{06482C87-7F3D-453E-9827-1120A3E1FE29}.Debug|Any CPU.Build.0 = Debug|Any CPU
		{06482C87-7F3D-453E-9827-1120A3E1FE29}.Debug|iPhone.ActiveCfg = Debug|Any CPU
		{06482C87-7F3D-453E-9827-1120A3E1FE29}.Debug|iPhone.Build.0 = Debug|Any CPU
		{06482C87-7F3D-453E-9827-1120A3E1FE29}.Debug|iPhoneSimulator.ActiveCfg = Debug|Any CPU
		{06482C87-7F3D-453E-9827-1120A3E1FE29}.Debug|iPhoneSimulator.Build.0 = Debug|Any CPU
		{06482C87-7F3D-453E-9827-1120A3E1FE29}.Release|Any CPU.ActiveCfg = Release|Any CPU
		{06482C87-7F3D-453E-9827-1120A3E1FE29}.Release|Any CPU.Build.0 = Release|Any CPU
		{06482C87-7F3D-453E-9827-1120A3E1FE29}.Release|iPhone.ActiveCfg = Release|Any CPU
		{06482C87-7F3D-453E-9827-1120A3E1FE29}.Release|iPhone.Build.0 = Release|Any CPU
		{06482C87-7F3D-453E-9827-1120A3E1FE29}.Release|iPhoneSimulator.ActiveCfg = Release|Any CPU
		{06482C87-7F3D-453E-9827-1120A3E1FE29}.Release|iPhoneSimulator.Build.0 = Release|Any CPU
		{32E9C43E-EF29-436B-BF88-32E12413B6FA}.Ad-Hoc|iPhone.ActiveCfg = Debug|Any CPU
		{32E9C43E-EF29-436B-BF88-32E12413B6FA}.Ad-Hoc|iPhone.Build.0 = Debug|Any CPU
		{32E9C43E-EF29-436B-BF88-32E12413B6FA}.AppStore|iPhone.ActiveCfg = Debug|Any CPU
		{32E9C43E-EF29-436B-BF88-32E12413B6FA}.AppStore|iPhone.Build.0 = Debug|Any CPU
		{32E9C43E-EF29-436B-BF88-32E12413B6FA}.Debug|Any CPU.ActiveCfg = Debug|Any CPU
		{32E9C43E-EF29-436B-BF88-32E12413B6FA}.Debug|Any CPU.Build.0 = Debug|Any CPU
		{32E9C43E-EF29-436B-BF88-32E12413B6FA}.Debug|iPhone.ActiveCfg = Debug|Any CPU
		{32E9C43E-EF29-436B-BF88-32E12413B6FA}.Debug|iPhone.Build.0 = Debug|Any CPU
		{32E9C43E-EF29-436B-BF88-32E12413B6FA}.Debug|iPhoneSimulator.ActiveCfg = Debug|Any CPU
		{32E9C43E-EF29-436B-BF88-32E12413B6FA}.Debug|iPhoneSimulator.Build.0 = Debug|Any CPU
		{32E9C43E-EF29-436B-BF88-32E12413B6FA}.Release|Any CPU.ActiveCfg = Release|Any CPU
		{32E9C43E-EF29-436B-BF88-32E12413B6FA}.Release|Any CPU.Build.0 = Release|Any CPU
		{32E9C43E-EF29-436B-BF88-32E12413B6FA}.Release|iPhone.ActiveCfg = Release|Any CPU
		{32E9C43E-EF29-436B-BF88-32E12413B6FA}.Release|iPhone.Build.0 = Release|Any CPU
		{32E9C43E-EF29-436B-BF88-32E12413B6FA}.Release|iPhoneSimulator.ActiveCfg = Release|Any CPU
		{32E9C43E-EF29-436B-BF88-32E12413B6FA}.Release|iPhoneSimulator.Build.0 = Release|Any CPU
	EndGlobalSection
EndGlobal
